{
  "originHash" : "4c9af5b8dde804ed96606f02bfeb95d87aac3058a31dfa675002a6a0f7433775",
  "pins" : [
    {
      "identity" : "dependencyinjection",
      "kind" : "remoteSourceControl",
      "location" : "https://github.com/alejandroivan/DependencyInjection",
      "state" : {
        "revision" : "3638cbcb8a61524b94c190f390900c7489dd8922",
        "version" : "1.1.0"
      }
    }
  ],
  "version" : 3
}
